
Microsoft Visual Studio Solution File, Format Version 12.00
# Visual Studio 15
VisualStudioVersion = 15.0.27428.2043
MinimumVisualStudioVersion = 10.0.40219.1
Project("{9A19103F-16F7-4668-BE54-9A1E7A4F7556}") = "PhySim2D", "PhySim2D\PhySim2D.csproj", "{3C0B64BD-85F3-4DD5-AF94-4089EAC25E8C}"
EndProject
Project("{FAE04EC0-301F-11D3-BF4B-00C04F79EFBC}") = "PhySim2D.UI", "PhySim2D.UI\PhySim2D.UI.csproj", "{925EB947-C208-46C6-A0F5-D771B9E34305}"
EndProject
Project("{FAE04EC0-301F-11D3-BF4B-00C04F79EFBC}") = "PhySim2D.UnitTest", "PhySim2D.UnitTest\PhySim2D.UnitTest.csproj", "{DA1A385A-DD3F-4A83-AF76-4577E52BF0E5}"
EndProject
Global
	GlobalSection(SolutionConfigurationPlatforms) = preSolution
		Debug|Any CPU = Debug|Any CPU
		Release|Any CPU = Release|Any CPU
	EndGlobalSection
	GlobalSection(ProjectConfigurationPlatforms) = postSolution
		{3C0B64BD-85F3-4DD5-AF94-4089EAC25E8C}.Debug|Any CPU.ActiveCfg = Debug|Any CPU
		{3C0B64BD-85F3-4DD5-AF94-4089EAC25E8C}.Debug|Any CPU.Build.0 = Debug|Any CPU
		{3C0B64BD-85F3-4DD5-AF94-4089EAC25E8C}.Release|Any CPU.ActiveCfg = Release|Any CPU
		{3C0B64BD-85F3-4DD5-AF94-4089EAC25E8C}.Release|Any CPU.Build.0 = Release|Any CPU
		{925EB947-C208-46C6-A0F5-D771B9E34305}.Debug|Any CPU.ActiveCfg = Debug|Any CPU
		{925EB947-C208-46C6-A0F5-D771B9E34305}.Debug|Any CPU.Build.0 = Debug|Any CPU
		{925EB947-C208-46C6-A0F5-D771B9E34305}.Release|Any CPU.ActiveCfg = Release|Any CPU
		{925EB947-C208-46C6-A0F5-D771B9E34305}.Release|Any CPU.Build.0 = Release|Any CPU
		{DA1A385A-DD3F-4A83-AF76-4577E52BF0E5}.Debug|Any CPU.ActiveCfg = Debug|Any CPU
		{DA1A385A-DD3F-4A83-AF76-4577E52BF0E5}.Debug|Any CPU.Build.0 = Debug|Any CPU
		{DA1A385A-DD3F-4A83-AF76-4577E52BF0E5}.Release|Any CPU.ActiveCfg = Release|Any CPU
		{DA1A385A-DD3F-4A83-AF76-4577E52BF0E5}.Release|Any CPU.Build.0 = Release|Any CPU
	EndGlobalSection
	GlobalSection(SolutionProperties) = preSolution
		HideSolutionNode = FALSE
	EndGlobalSection
	GlobalSection(ExtensibilityGlobals) = postSolution
		SolutionGuid = {4A24F1DE-4B1E-45B5-86B1-656100A8C228}
	EndGlobalSection
EndGlobal
